
Microsoft Visual Studio Solution File, Format Version 12.00
# Visual Studio Version 17
VisualStudioVersion = 17.2.32616.157
MinimumVisualStudioVersion = 10.0.40219.1
Project("{FAE04EC0-301F-11D3-BF4B-00C04F79EFBC}") = "Eproject3", "Eproject3\Eproject3.csproj", "{0DF53755-F1E2-4E9E-95AC-0FBE2DEE7CCB}"
EndProject
Global
	GlobalSection(SolutionConfigurationPlatforms) = preSolution
		Debug|Any CPU = Debug|Any CPU
		Release|Any CPU = Release|Any CPU
	EndGlobalSection
	GlobalSection(ProjectConfigurationPlatforms) = postSolution
		{0DF53755-F1E2-4E9E-95AC-0FBE2DEE7CCB}.Debug|Any CPU.ActiveCfg = Debug|Any CPU
		{0DF53755-F1E2-4E9E-95AC-0FBE2DEE7CCB}.Debug|Any CPU.Build.0 = Debug|Any CPU
		{0DF53755-F1E2-4E9E-95AC-0FBE2DEE7CCB}.Release|Any CPU.ActiveCfg = Release|Any CPU
		{0DF53755-F1E2-4E9E-95AC-0FBE2DEE7CCB}.Release|Any CPU.Build.0 = Release|Any CPU
	EndGlobalSection
	GlobalSection(SolutionProperties) = preSolution
		HideSolutionNode = FALSE
	EndGlobalSection
	GlobalSection(ExtensibilityGlobals) = postSolution
		SolutionGuid = {79A2C95A-0F5E-48C0-AB9E-2640122FD052}
	EndGlobalSection
EndGlobal
